
Microsoft Visual Studio Solution File, Format Version 12.00
# Visual Studio 14
VisualStudioVersion = 14.0.25420.1
MinimumVisualStudioVersion = 10.0.40219.1
Project("{FAE04EC0-301F-11D3-BF4B-00C04F79EFBC}") = "slnSnacks", "slnSnacks\slnSnacks.csproj", "{71C88679-ACA9-4FE8-8ED5-74D42555918A}"
EndProject
Project("{FAE04EC0-301F-11D3-BF4B-00C04F79EFBC}") = "snaksDatos", "snaksDatos\snaksDatos.csproj", "{F087F041-204A-4486-A958-4E7160217A03}"
EndProject
Project("{FAE04EC0-301F-11D3-BF4B-00C04F79EFBC}") = "snaksLogicaNegocio", "snaksLogicaNegocio\snaksLogicaNegocio.csproj", "{7EFB5A4E-A265-41FB-B30D-0AFEEA6949F4}"
EndProject
Project("{FAE04EC0-301F-11D3-BF4B-00C04F79EFBC}") = "snaksEntidades", "snaksEntidades\snaksEntidades.csproj", "{7A78A9C2-FEE2-465E-9AF6-FD0EBC98AEFD}"
EndProject
Global
	GlobalSection(SolutionConfigurationPlatforms) = preSolution
		Debug|Any CPU = Debug|Any CPU
		Release|Any CPU = Release|Any CPU
	EndGlobalSection
	GlobalSection(ProjectConfigurationPlatforms) = postSolution
		{71C88679-ACA9-4FE8-8ED5-74D42555918A}.Debug|Any CPU.ActiveCfg = Debug|Any CPU
		{71C88679-ACA9-4FE8-8ED5-74D42555918A}.Debug|Any CPU.Build.0 = Debug|Any CPU
		{71C88679-ACA9-4FE8-8ED5-74D42555918A}.Release|Any CPU.ActiveCfg = Release|Any CPU
		{71C88679-ACA9-4FE8-8ED5-74D42555918A}.Release|Any CPU.Build.0 = Release|Any CPU
		{F087F041-204A-4486-A958-4E7160217A03}.Debug|Any CPU.ActiveCfg = Debug|Any CPU
		{F087F041-204A-4486-A958-4E7160217A03}.Debug|Any CPU.Build.0 = Debug|Any CPU
		{F087F041-204A-4486-A958-4E7160217A03}.Release|Any CPU.ActiveCfg = Release|Any CPU
		{F087F041-204A-4486-A958-4E7160217A03}.Release|Any CPU.Build.0 = Release|Any CPU
		{7EFB5A4E-A265-41FB-B30D-0AFEEA6949F4}.Debug|Any CPU.ActiveCfg = Debug|Any CPU
		{7EFB5A4E-A265-41FB-B30D-0AFEEA6949F4}.Debug|Any CPU.Build.0 = Debug|Any CPU
		{7EFB5A4E-A265-41FB-B30D-0AFEEA6949F4}.Release|Any CPU.ActiveCfg = Release|Any CPU
		{7EFB5A4E-A265-41FB-B30D-0AFEEA6949F4}.Release|Any CPU.Build.0 = Release|Any CPU
		{7A78A9C2-FEE2-465E-9AF6-FD0EBC98AEFD}.Debug|Any CPU.ActiveCfg = Debug|Any CPU
		{7A78A9C2-FEE2-465E-9AF6-FD0EBC98AEFD}.Debug|Any CPU.Build.0 = Debug|Any CPU
		{7A78A9C2-FEE2-465E-9AF6-FD0EBC98AEFD}.Release|Any CPU.ActiveCfg = Release|Any CPU
		{7A78A9C2-FEE2-465E-9AF6-FD0EBC98AEFD}.Release|Any CPU.Build.0 = Release|Any CPU
	EndGlobalSection
	GlobalSection(SolutionProperties) = preSolution
		HideSolutionNode = FALSE
	EndGlobalSection
EndGlobal
